
Microsoft Visual Studio Solution File, Format Version 12.00
# Visual Studio 15
VisualStudioVersion = 15.0.28010.2016
MinimumVisualStudioVersion = 10.0.40219.1
Project("{FAE04EC0-301F-11D3-BF4B-00C04F79EFBC}") = "SimpleQuizApp", "SimpleQuizApp\SimpleQuizApp.csproj", "{68771698-ED56-4BDD-BAFB-950FC459628B}"
EndProject
Project("{FAE04EC0-301F-11D3-BF4B-00C04F79EFBC}") = "SimpleQuizAppTests", "SimpleQuizAppTests\SimpleQuizAppTests.csproj", "{3B049EE7-3D4B-435B-8E00-807BC142847B}"
EndProject
Global
	GlobalSection(SolutionConfigurationPlatforms) = preSolution
		Debug|Any CPU = Debug|Any CPU
		Release|Any CPU = Release|Any CPU
	EndGlobalSection
	GlobalSection(ProjectConfigurationPlatforms) = postSolution
		{68771698-ED56-4BDD-BAFB-950FC459628B}.Debug|Any CPU.ActiveCfg = Debug|Any CPU
		{68771698-ED56-4BDD-BAFB-950FC459628B}.Debug|Any CPU.Build.0 = Debug|Any CPU
		{68771698-ED56-4BDD-BAFB-950FC459628B}.Release|Any CPU.ActiveCfg = Release|Any CPU
		{68771698-ED56-4BDD-BAFB-950FC459628B}.Release|Any CPU.Build.0 = Release|Any CPU
		{3B049EE7-3D4B-435B-8E00-807BC142847B}.Debug|Any CPU.ActiveCfg = Debug|Any CPU
		{3B049EE7-3D4B-435B-8E00-807BC142847B}.Debug|Any CPU.Build.0 = Debug|Any CPU
		{3B049EE7-3D4B-435B-8E00-807BC142847B}.Release|Any CPU.ActiveCfg = Release|Any CPU
		{3B049EE7-3D4B-435B-8E00-807BC142847B}.Release|Any CPU.Build.0 = Release|Any CPU
	EndGlobalSection
	GlobalSection(SolutionProperties) = preSolution
		HideSolutionNode = FALSE
	EndGlobalSection
	GlobalSection(ExtensibilityGlobals) = postSolution
		SolutionGuid = {D8729D63-5E70-4441-9344-4E5A83C0B798}
	EndGlobalSection
EndGlobal
